Microsoft Visual Studio Solution File, Format Version 11.00
# Visual Studio 2010
Project("{FAE04EC0-301F-11D3-BF4B-00C04F79EFBC}") = "common.tests", "tests\common\common.tests.csproj", "{BC583230-4459-42E2-9B40-2B05E25A5F5B}"
EndProject
Project("{2150E333-8FDC-42A3-9474-1A3956D46DE8}") = "(nuget)", "(nuget)", "{269BDC37-B279-47C2-A3C3-14DB577BE5C7}"
	ProjectSection(SolutionItems) = preProject
		nuget\must-data-mysql.nuspec = nuget\must-data-mysql.nuspec
		nuget\must-data-sqlce.nuspec = nuget\must-data-sqlce.nuspec
	EndProjectSection
EndProject
Project("{FAE04EC0-301F-11D3-BF4B-00C04F79EFBC}") = "common", "base\common\common.csproj", "{903B5354-C424-4ADD-BC2B-892E1AA4342A}"
EndProject
Global
	GlobalSection(SolutionConfigurationPlatforms) = preSolution
		debug|Any CPU = debug|Any CPU
		debug|Mixed Platforms = debug|Mixed Platforms
		debug|x86 = debug|x86
		release|Any CPU = release|Any CPU
		release|Mixed Platforms = release|Mixed Platforms
		release|x86 = release|x86
	EndGlobalSection
	GlobalSection(ProjectConfigurationPlatforms) = postSolution
		{BC583230-4459-42E2-9B40-2B05E25A5F5B}.debug|Any CPU.ActiveCfg = Debug|Any CPU
		{BC583230-4459-42E2-9B40-2B05E25A5F5B}.debug|Any CPU.Build.0 = Debug|Any CPU
		{BC583230-4459-42E2-9B40-2B05E25A5F5B}.debug|Mixed Platforms.ActiveCfg = Debug|Any CPU
		{BC583230-4459-42E2-9B40-2B05E25A5F5B}.debug|Mixed Platforms.Build.0 = Debug|Any CPU
		{BC583230-4459-42E2-9B40-2B05E25A5F5B}.debug|x86.ActiveCfg = Debug|Any CPU
		{BC583230-4459-42E2-9B40-2B05E25A5F5B}.release|Any CPU.ActiveCfg = Release|Any CPU
		{BC583230-4459-42E2-9B40-2B05E25A5F5B}.release|Any CPU.Build.0 = Release|Any CPU
		{BC583230-4459-42E2-9B40-2B05E25A5F5B}.release|Mixed Platforms.ActiveCfg = Release|Any CPU
		{BC583230-4459-42E2-9B40-2B05E25A5F5B}.release|Mixed Platforms.Build.0 = Release|Any CPU
		{BC583230-4459-42E2-9B40-2B05E25A5F5B}.release|x86.ActiveCfg = Release|Any CPU
		{903B5354-C424-4ADD-BC2B-892E1AA4342A}.debug|Any CPU.ActiveCfg = Debug|Any CPU
		{903B5354-C424-4ADD-BC2B-892E1AA4342A}.debug|Any CPU.Build.0 = Debug|Any CPU
		{903B5354-C424-4ADD-BC2B-892E1AA4342A}.debug|Mixed Platforms.ActiveCfg = Debug|Any CPU
		{903B5354-C424-4ADD-BC2B-892E1AA4342A}.debug|Mixed Platforms.Build.0 = Debug|Any CPU
		{903B5354-C424-4ADD-BC2B-892E1AA4342A}.debug|x86.ActiveCfg = Debug|Any CPU
		{903B5354-C424-4ADD-BC2B-892E1AA4342A}.release|Any CPU.ActiveCfg = Release|Any CPU
		{903B5354-C424-4ADD-BC2B-892E1AA4342A}.release|Any CPU.Build.0 = Release|Any CPU
		{903B5354-C424-4ADD-BC2B-892E1AA4342A}.release|Mixed Platforms.ActiveCfg = Release|Any CPU
		{903B5354-C424-4ADD-BC2B-892E1AA4342A}.release|Mixed Platforms.Build.0 = Release|Any CPU
		{903B5354-C424-4ADD-BC2B-892E1AA4342A}.release|x86.ActiveCfg = Release|Any CPU
	EndGlobalSection
	GlobalSection(SolutionProperties) = preSolution
		HideSolutionNode = FALSE
	EndGlobalSection
	GlobalSection(ExtensibilityGlobals) = postSolution
		BuildVersion_BuildVersioningStyle = None.None.None.None
	EndGlobalSection
EndGlobal
