Microsoft Visual Studio Solution File, Format Version 11.00
# Visual Studio 2010
Project("{2150E333-8FDC-42A3-9474-1A3956D46DE8}") = "(tests)", "(tests)", "{EB0EC89C-EBF6-4BD4-9509-CC888AC506B6}"
EndProject
Project("{2150E333-8FDC-42A3-9474-1A3956D46DE8}") = "(base)", "(base)", "{16C7B435-1881-475F-A883-3259AC822721}"
EndProject
Project("{FAE04EC0-301F-11D3-BF4B-00C04F79EFBC}") = "common", "tests\common\common.csproj", "{BC583230-4459-42E2-9B40-2B05E25A5F5B}"
EndProject
Project("{2150E333-8FDC-42A3-9474-1A3956D46DE8}") = "(impl)", "(impl)", "{C67DBC61-2B9D-4840-BB18-348977218CA3}"
EndProject
Project("{2150E333-8FDC-42A3-9474-1A3956D46DE8}") = "(nuget)", "(nuget)", "{269BDC37-B279-47C2-A3C3-14DB577BE5C7}"
	ProjectSection(SolutionItems) = preProject
		nuget\must-data-mysql.nuspec = nuget\must-data-mysql.nuspec
		nuget\must-data-sqlce.nuspec = nuget\must-data-sqlce.nuspec
	EndProjectSection
EndProject
Project("{2150E333-8FDC-42A3-9474-1A3956D46DE8}") = "(cache)", "(cache)", "{82FBAE15-77CB-4A71-9D17-7E2D98A384AD}"
EndProject
Project("{FAE04EC0-301F-11D3-BF4B-00C04F79EFBC}") = "memorycache", "impl\cache\memorycache\memorycache.csproj", "{3D43CBC8-F12D-49D9-8A24-84F3DA9AB7FC}"
EndProject
Project("{FAE04EC0-301F-11D3-BF4B-00C04F79EFBC}") = "webcache", "impl\cache\webcache\webcache.csproj", "{306A3806-20A7-490E-913D-EEA7513464CE}"
EndProject
Project("{2150E333-8FDC-42A3-9474-1A3956D46DE8}") = "(providers)", "(providers)", "{D2EF4153-8E74-45C3-B155-CB95DD726F04}"
EndProject
Project("{FAE04EC0-301F-11D3-BF4B-00C04F79EFBC}") = "mysql", "impl\providers\mysql\mysql.csproj", "{FEB664E7-0935-4205-8131-2EACFA1D0D20}"
EndProject
Project("{FAE04EC0-301F-11D3-BF4B-00C04F79EFBC}") = "sqlite", "impl\providers\sqlite\sqlite.csproj", "{39D3EFDD-983A-47CE-A53D-D1B5B170398F}"
EndProject
Project("{FAE04EC0-301F-11D3-BF4B-00C04F79EFBC}") = "mongodb", "impl\providers\mongodb\mongodb.csproj", "{B5C90671-FB87-4DF2-98A2-9CCAB7051459}"
EndProject
Project("{2150E333-8FDC-42A3-9474-1A3956D46DE8}") = "(impl)", "(impl)", "{7EE3A75F-24F0-4052-9CEA-89C9E54E56CB}"
EndProject
Project("{2150E333-8FDC-42A3-9474-1A3956D46DE8}") = "(providers)", "(providers)", "{EAD6F83A-BB85-4AD5-9199-4D06CF5A4450}"
EndProject
Project("{FAE04EC0-301F-11D3-BF4B-00C04F79EFBC}") = "mongodb.tests", "tests\providers\mongodb\mongodb.tests.csproj", "{770CAF75-E747-4F34-8B48-AC710D024310}"
EndProject
Project("{FAE04EC0-301F-11D3-BF4B-00C04F79EFBC}") = "sqlserver.tests", "tests\providers\sqlserver\sqlserver.tests.csproj", "{F2A44CEC-FB4F-4093-A703-7EB3EC0111A8}"
EndProject
Project("{FAE04EC0-301F-11D3-BF4B-00C04F79EFBC}") = "sqlce", "impl\providers\sqlce\sqlce.csproj", "{BE854EB6-AAF5-4BDF-B162-5B217B88DFB4}"
EndProject
Project("{FAE04EC0-301F-11D3-BF4B-00C04F79EFBC}") = "sqlce.tests", "tests\providers\sqlce\sqlce.tests.csproj", "{0BF8B966-F5DF-427D-A8DD-47A183014F57}"
EndProject
Project("{FAE04EC0-301F-11D3-BF4B-00C04F79EFBC}") = "common", "base\common\common.csproj", "{903B5354-C424-4ADD-BC2B-892E1AA4342A}"
EndProject
Project("{FAE04EC0-301F-11D3-BF4B-00C04F79EFBC}") = "informix", "impl\providers\informix\informix.csproj", "{F73C8A5B-50A7-4DE0-8746-EC1106B82337}"
EndProject
Project("{2150E333-8FDC-42A3-9474-1A3956D46DE8}") = ".nuget", ".nuget", "{87D81A5D-76B9-42C6-8593-C15A352CD15F}"
EndProject
Project("{FAE04EC0-301F-11D3-BF4B-00C04F79EFBC}") = "mysql.tests", "tests\providers\mysql.tests\mysql.tests.csproj", "{1E1A06E9-20A3-43D8-B837-328B2DDD1B15}"
EndProject
Global
	GlobalSection(SolutionConfigurationPlatforms) = preSolution
		debug|Any CPU = debug|Any CPU
		debug|Mixed Platforms = debug|Mixed Platforms
		debug|x86 = debug|x86
		release|Any CPU = release|Any CPU
		release|Mixed Platforms = release|Mixed Platforms
		release|x86 = release|x86
	EndGlobalSection
	GlobalSection(ProjectConfigurationPlatforms) = postSolution
		{BC583230-4459-42E2-9B40-2B05E25A5F5B}.debug|Any CPU.ActiveCfg = Debug|Any CPU
		{BC583230-4459-42E2-9B40-2B05E25A5F5B}.debug|Any CPU.Build.0 = Debug|Any CPU
		{BC583230-4459-42E2-9B40-2B05E25A5F5B}.debug|Mixed Platforms.ActiveCfg = Debug|Any CPU
		{BC583230-4459-42E2-9B40-2B05E25A5F5B}.debug|Mixed Platforms.Build.0 = Debug|Any CPU
		{BC583230-4459-42E2-9B40-2B05E25A5F5B}.debug|x86.ActiveCfg = Debug|Any CPU
		{BC583230-4459-42E2-9B40-2B05E25A5F5B}.release|Any CPU.ActiveCfg = Release|Any CPU
		{BC583230-4459-42E2-9B40-2B05E25A5F5B}.release|Any CPU.Build.0 = Release|Any CPU
		{BC583230-4459-42E2-9B40-2B05E25A5F5B}.release|Mixed Platforms.ActiveCfg = Release|Any CPU
		{BC583230-4459-42E2-9B40-2B05E25A5F5B}.release|Mixed Platforms.Build.0 = Release|Any CPU
		{BC583230-4459-42E2-9B40-2B05E25A5F5B}.release|x86.ActiveCfg = Release|Any CPU
		{3D43CBC8-F12D-49D9-8A24-84F3DA9AB7FC}.debug|Any CPU.ActiveCfg = Debug|Any CPU
		{3D43CBC8-F12D-49D9-8A24-84F3DA9AB7FC}.debug|Any CPU.Build.0 = Debug|Any CPU
		{3D43CBC8-F12D-49D9-8A24-84F3DA9AB7FC}.debug|Mixed Platforms.ActiveCfg = Debug|Any CPU
		{3D43CBC8-F12D-49D9-8A24-84F3DA9AB7FC}.debug|Mixed Platforms.Build.0 = Debug|Any CPU
		{3D43CBC8-F12D-49D9-8A24-84F3DA9AB7FC}.debug|x86.ActiveCfg = Debug|Any CPU
		{3D43CBC8-F12D-49D9-8A24-84F3DA9AB7FC}.release|Any CPU.ActiveCfg = Release|Any CPU
		{3D43CBC8-F12D-49D9-8A24-84F3DA9AB7FC}.release|Any CPU.Build.0 = Release|Any CPU
		{3D43CBC8-F12D-49D9-8A24-84F3DA9AB7FC}.release|Mixed Platforms.ActiveCfg = Release|Any CPU
		{3D43CBC8-F12D-49D9-8A24-84F3DA9AB7FC}.release|Mixed Platforms.Build.0 = Release|Any CPU
		{3D43CBC8-F12D-49D9-8A24-84F3DA9AB7FC}.release|x86.ActiveCfg = Release|Any CPU
		{306A3806-20A7-490E-913D-EEA7513464CE}.debug|Any CPU.ActiveCfg = Debug|Any CPU
		{306A3806-20A7-490E-913D-EEA7513464CE}.debug|Any CPU.Build.0 = Debug|Any CPU
		{306A3806-20A7-490E-913D-EEA7513464CE}.debug|Mixed Platforms.ActiveCfg = Debug|Any CPU
		{306A3806-20A7-490E-913D-EEA7513464CE}.debug|Mixed Platforms.Build.0 = Debug|Any CPU
		{306A3806-20A7-490E-913D-EEA7513464CE}.debug|x86.ActiveCfg = Debug|Any CPU
		{306A3806-20A7-490E-913D-EEA7513464CE}.release|Any CPU.ActiveCfg = Release|Any CPU
		{306A3806-20A7-490E-913D-EEA7513464CE}.release|Any CPU.Build.0 = Release|Any CPU
		{306A3806-20A7-490E-913D-EEA7513464CE}.release|Mixed Platforms.ActiveCfg = Release|Any CPU
		{306A3806-20A7-490E-913D-EEA7513464CE}.release|Mixed Platforms.Build.0 = Release|Any CPU
		{306A3806-20A7-490E-913D-EEA7513464CE}.release|x86.ActiveCfg = Release|Any CPU
		{FEB664E7-0935-4205-8131-2EACFA1D0D20}.debug|Any CPU.ActiveCfg = Debug|Any CPU
		{FEB664E7-0935-4205-8131-2EACFA1D0D20}.debug|Any CPU.Build.0 = Debug|Any CPU
		{FEB664E7-0935-4205-8131-2EACFA1D0D20}.debug|Mixed Platforms.ActiveCfg = Debug|Any CPU
		{FEB664E7-0935-4205-8131-2EACFA1D0D20}.debug|Mixed Platforms.Build.0 = Debug|Any CPU
		{FEB664E7-0935-4205-8131-2EACFA1D0D20}.debug|x86.ActiveCfg = Debug|Any CPU
		{FEB664E7-0935-4205-8131-2EACFA1D0D20}.release|Any CPU.ActiveCfg = Release|Any CPU
		{FEB664E7-0935-4205-8131-2EACFA1D0D20}.release|Any CPU.Build.0 = Release|Any CPU
		{FEB664E7-0935-4205-8131-2EACFA1D0D20}.release|Mixed Platforms.ActiveCfg = Release|Any CPU
		{FEB664E7-0935-4205-8131-2EACFA1D0D20}.release|Mixed Platforms.Build.0 = Release|Any CPU
		{FEB664E7-0935-4205-8131-2EACFA1D0D20}.release|x86.ActiveCfg = Release|Any CPU
		{39D3EFDD-983A-47CE-A53D-D1B5B170398F}.debug|Any CPU.ActiveCfg = Debug|Any CPU
		{39D3EFDD-983A-47CE-A53D-D1B5B170398F}.debug|Any CPU.Build.0 = Debug|Any CPU
		{39D3EFDD-983A-47CE-A53D-D1B5B170398F}.debug|Mixed Platforms.ActiveCfg = Debug|Any CPU
		{39D3EFDD-983A-47CE-A53D-D1B5B170398F}.debug|Mixed Platforms.Build.0 = Debug|Any CPU
		{39D3EFDD-983A-47CE-A53D-D1B5B170398F}.debug|x86.ActiveCfg = Debug|Any CPU
		{39D3EFDD-983A-47CE-A53D-D1B5B170398F}.release|Any CPU.ActiveCfg = Release|Any CPU
		{39D3EFDD-983A-47CE-A53D-D1B5B170398F}.release|Any CPU.Build.0 = Release|Any CPU
		{39D3EFDD-983A-47CE-A53D-D1B5B170398F}.release|Mixed Platforms.ActiveCfg = Release|Any CPU
		{39D3EFDD-983A-47CE-A53D-D1B5B170398F}.release|Mixed Platforms.Build.0 = Release|Any CPU
		{39D3EFDD-983A-47CE-A53D-D1B5B170398F}.release|x86.ActiveCfg = Release|Any CPU
		{B5C90671-FB87-4DF2-98A2-9CCAB7051459}.debug|Any CPU.ActiveCfg = Debug|Any CPU
		{B5C90671-FB87-4DF2-98A2-9CCAB7051459}.debug|Any CPU.Build.0 = Debug|Any CPU
		{B5C90671-FB87-4DF2-98A2-9CCAB7051459}.debug|Mixed Platforms.ActiveCfg = Debug|Any CPU
		{B5C90671-FB87-4DF2-98A2-9CCAB7051459}.debug|Mixed Platforms.Build.0 = Debug|Any CPU
		{B5C90671-FB87-4DF2-98A2-9CCAB7051459}.debug|x86.ActiveCfg = Debug|Any CPU
		{B5C90671-FB87-4DF2-98A2-9CCAB7051459}.release|Any CPU.ActiveCfg = Release|Any CPU
		{B5C90671-FB87-4DF2-98A2-9CCAB7051459}.release|Any CPU.Build.0 = Release|Any CPU
		{B5C90671-FB87-4DF2-98A2-9CCAB7051459}.release|Mixed Platforms.ActiveCfg = Release|Any CPU
		{B5C90671-FB87-4DF2-98A2-9CCAB7051459}.release|Mixed Platforms.Build.0 = Release|Any CPU
		{B5C90671-FB87-4DF2-98A2-9CCAB7051459}.release|x86.ActiveCfg = Release|Any CPU
		{770CAF75-E747-4F34-8B48-AC710D024310}.debug|Any CPU.ActiveCfg = Debug|Any CPU
		{770CAF75-E747-4F34-8B48-AC710D024310}.debug|Any CPU.Build.0 = Debug|Any CPU
		{770CAF75-E747-4F34-8B48-AC710D024310}.debug|Mixed Platforms.ActiveCfg = Debug|Any CPU
		{770CAF75-E747-4F34-8B48-AC710D024310}.debug|Mixed Platforms.Build.0 = Debug|Any CPU
		{770CAF75-E747-4F34-8B48-AC710D024310}.debug|x86.ActiveCfg = Debug|Any CPU
		{770CAF75-E747-4F34-8B48-AC710D024310}.release|Any CPU.ActiveCfg = Release|Any CPU
		{770CAF75-E747-4F34-8B48-AC710D024310}.release|Any CPU.Build.0 = Release|Any CPU
		{770CAF75-E747-4F34-8B48-AC710D024310}.release|Mixed Platforms.ActiveCfg = Release|Any CPU
		{770CAF75-E747-4F34-8B48-AC710D024310}.release|Mixed Platforms.Build.0 = Release|Any CPU
		{770CAF75-E747-4F34-8B48-AC710D024310}.release|x86.ActiveCfg = Release|Any CPU
		{F2A44CEC-FB4F-4093-A703-7EB3EC0111A8}.debug|Any CPU.ActiveCfg = Debug|Any CPU
		{F2A44CEC-FB4F-4093-A703-7EB3EC0111A8}.debug|Any CPU.Build.0 = Debug|Any CPU
		{F2A44CEC-FB4F-4093-A703-7EB3EC0111A8}.debug|Mixed Platforms.ActiveCfg = Debug|Any CPU
		{F2A44CEC-FB4F-4093-A703-7EB3EC0111A8}.debug|Mixed Platforms.Build.0 = Debug|Any CPU
		{F2A44CEC-FB4F-4093-A703-7EB3EC0111A8}.debug|x86.ActiveCfg = Debug|Any CPU
		{F2A44CEC-FB4F-4093-A703-7EB3EC0111A8}.release|Any CPU.ActiveCfg = Release|Any CPU
		{F2A44CEC-FB4F-4093-A703-7EB3EC0111A8}.release|Any CPU.Build.0 = Release|Any CPU
		{F2A44CEC-FB4F-4093-A703-7EB3EC0111A8}.release|Mixed Platforms.ActiveCfg = Release|Any CPU
		{F2A44CEC-FB4F-4093-A703-7EB3EC0111A8}.release|Mixed Platforms.Build.0 = Release|Any CPU
		{F2A44CEC-FB4F-4093-A703-7EB3EC0111A8}.release|x86.ActiveCfg = Release|Any CPU
		{BE854EB6-AAF5-4BDF-B162-5B217B88DFB4}.debug|Any CPU.ActiveCfg = Debug|Any CPU
		{BE854EB6-AAF5-4BDF-B162-5B217B88DFB4}.debug|Any CPU.Build.0 = Debug|Any CPU
		{BE854EB6-AAF5-4BDF-B162-5B217B88DFB4}.debug|Mixed Platforms.ActiveCfg = Debug|Any CPU
		{BE854EB6-AAF5-4BDF-B162-5B217B88DFB4}.debug|Mixed Platforms.Build.0 = Debug|Any CPU
		{BE854EB6-AAF5-4BDF-B162-5B217B88DFB4}.debug|x86.ActiveCfg = Debug|Any CPU
		{BE854EB6-AAF5-4BDF-B162-5B217B88DFB4}.release|Any CPU.ActiveCfg = Release|Any CPU
		{BE854EB6-AAF5-4BDF-B162-5B217B88DFB4}.release|Any CPU.Build.0 = Release|Any CPU
		{BE854EB6-AAF5-4BDF-B162-5B217B88DFB4}.release|Mixed Platforms.ActiveCfg = Release|Any CPU
		{BE854EB6-AAF5-4BDF-B162-5B217B88DFB4}.release|Mixed Platforms.Build.0 = Release|Any CPU
		{BE854EB6-AAF5-4BDF-B162-5B217B88DFB4}.release|x86.ActiveCfg = Release|Any CPU
		{0BF8B966-F5DF-427D-A8DD-47A183014F57}.debug|Any CPU.ActiveCfg = Debug|Any CPU
		{0BF8B966-F5DF-427D-A8DD-47A183014F57}.debug|Any CPU.Build.0 = Debug|Any CPU
		{0BF8B966-F5DF-427D-A8DD-47A183014F57}.debug|Mixed Platforms.ActiveCfg = Debug|Any CPU
		{0BF8B966-F5DF-427D-A8DD-47A183014F57}.debug|Mixed Platforms.Build.0 = Debug|Any CPU
		{0BF8B966-F5DF-427D-A8DD-47A183014F57}.debug|x86.ActiveCfg = Debug|Any CPU
		{0BF8B966-F5DF-427D-A8DD-47A183014F57}.release|Any CPU.ActiveCfg = Release|Any CPU
		{0BF8B966-F5DF-427D-A8DD-47A183014F57}.release|Any CPU.Build.0 = Release|Any CPU
		{0BF8B966-F5DF-427D-A8DD-47A183014F57}.release|Mixed Platforms.ActiveCfg = Release|Any CPU
		{0BF8B966-F5DF-427D-A8DD-47A183014F57}.release|Mixed Platforms.Build.0 = Release|Any CPU
		{0BF8B966-F5DF-427D-A8DD-47A183014F57}.release|x86.ActiveCfg = Release|Any CPU
		{903B5354-C424-4ADD-BC2B-892E1AA4342A}.debug|Any CPU.ActiveCfg = Debug|Any CPU
		{903B5354-C424-4ADD-BC2B-892E1AA4342A}.debug|Any CPU.Build.0 = Debug|Any CPU
		{903B5354-C424-4ADD-BC2B-892E1AA4342A}.debug|Mixed Platforms.ActiveCfg = Debug|Any CPU
		{903B5354-C424-4ADD-BC2B-892E1AA4342A}.debug|Mixed Platforms.Build.0 = Debug|Any CPU
		{903B5354-C424-4ADD-BC2B-892E1AA4342A}.debug|x86.ActiveCfg = Debug|Any CPU
		{903B5354-C424-4ADD-BC2B-892E1AA4342A}.release|Any CPU.ActiveCfg = Release|Any CPU
		{903B5354-C424-4ADD-BC2B-892E1AA4342A}.release|Any CPU.Build.0 = Release|Any CPU
		{903B5354-C424-4ADD-BC2B-892E1AA4342A}.release|Mixed Platforms.ActiveCfg = Release|Any CPU
		{903B5354-C424-4ADD-BC2B-892E1AA4342A}.release|Mixed Platforms.Build.0 = Release|Any CPU
		{903B5354-C424-4ADD-BC2B-892E1AA4342A}.release|x86.ActiveCfg = Release|Any CPU
		{F73C8A5B-50A7-4DE0-8746-EC1106B82337}.debug|Any CPU.ActiveCfg = Debug|Any CPU
		{F73C8A5B-50A7-4DE0-8746-EC1106B82337}.debug|Any CPU.Build.0 = Debug|Any CPU
		{F73C8A5B-50A7-4DE0-8746-EC1106B82337}.debug|Mixed Platforms.ActiveCfg = Debug|Any CPU
		{F73C8A5B-50A7-4DE0-8746-EC1106B82337}.debug|Mixed Platforms.Build.0 = Debug|Any CPU
		{F73C8A5B-50A7-4DE0-8746-EC1106B82337}.debug|x86.ActiveCfg = Debug|Any CPU
		{F73C8A5B-50A7-4DE0-8746-EC1106B82337}.release|Any CPU.ActiveCfg = Release|Any CPU
		{F73C8A5B-50A7-4DE0-8746-EC1106B82337}.release|Any CPU.Build.0 = Release|Any CPU
		{F73C8A5B-50A7-4DE0-8746-EC1106B82337}.release|Mixed Platforms.ActiveCfg = Release|Any CPU
		{F73C8A5B-50A7-4DE0-8746-EC1106B82337}.release|Mixed Platforms.Build.0 = Release|Any CPU
		{F73C8A5B-50A7-4DE0-8746-EC1106B82337}.release|x86.ActiveCfg = Release|Any CPU
		{1E1A06E9-20A3-43D8-B837-328B2DDD1B15}.debug|Any CPU.ActiveCfg = Debug|Any CPU
		{1E1A06E9-20A3-43D8-B837-328B2DDD1B15}.debug|Any CPU.Build.0 = Debug|Any CPU
		{1E1A06E9-20A3-43D8-B837-328B2DDD1B15}.debug|Mixed Platforms.ActiveCfg = Debug|Any CPU
		{1E1A06E9-20A3-43D8-B837-328B2DDD1B15}.debug|Mixed Platforms.Build.0 = Debug|Any CPU
		{1E1A06E9-20A3-43D8-B837-328B2DDD1B15}.debug|x86.ActiveCfg = Debug|Any CPU
		{1E1A06E9-20A3-43D8-B837-328B2DDD1B15}.release|Any CPU.ActiveCfg = Release|Any CPU
		{1E1A06E9-20A3-43D8-B837-328B2DDD1B15}.release|Any CPU.Build.0 = Release|Any CPU
		{1E1A06E9-20A3-43D8-B837-328B2DDD1B15}.release|Mixed Platforms.ActiveCfg = Release|Any CPU
		{1E1A06E9-20A3-43D8-B837-328B2DDD1B15}.release|Mixed Platforms.Build.0 = Release|Any CPU
		{1E1A06E9-20A3-43D8-B837-328B2DDD1B15}.release|x86.ActiveCfg = Release|Any CPU
	EndGlobalSection
	GlobalSection(SolutionProperties) = preSolution
		HideSolutionNode = FALSE
	EndGlobalSection
	GlobalSection(NestedProjects) = preSolution
		{BC583230-4459-42E2-9B40-2B05E25A5F5B} = {EB0EC89C-EBF6-4BD4-9509-CC888AC506B6}
		{7EE3A75F-24F0-4052-9CEA-89C9E54E56CB} = {EB0EC89C-EBF6-4BD4-9509-CC888AC506B6}
		{C67DBC61-2B9D-4840-BB18-348977218CA3} = {16C7B435-1881-475F-A883-3259AC822721}
		{903B5354-C424-4ADD-BC2B-892E1AA4342A} = {16C7B435-1881-475F-A883-3259AC822721}
		{82FBAE15-77CB-4A71-9D17-7E2D98A384AD} = {C67DBC61-2B9D-4840-BB18-348977218CA3}
		{D2EF4153-8E74-45C3-B155-CB95DD726F04} = {C67DBC61-2B9D-4840-BB18-348977218CA3}
		{3D43CBC8-F12D-49D9-8A24-84F3DA9AB7FC} = {82FBAE15-77CB-4A71-9D17-7E2D98A384AD}
		{306A3806-20A7-490E-913D-EEA7513464CE} = {82FBAE15-77CB-4A71-9D17-7E2D98A384AD}
		{FEB664E7-0935-4205-8131-2EACFA1D0D20} = {D2EF4153-8E74-45C3-B155-CB95DD726F04}
		{39D3EFDD-983A-47CE-A53D-D1B5B170398F} = {D2EF4153-8E74-45C3-B155-CB95DD726F04}
		{B5C90671-FB87-4DF2-98A2-9CCAB7051459} = {D2EF4153-8E74-45C3-B155-CB95DD726F04}
		{BE854EB6-AAF5-4BDF-B162-5B217B88DFB4} = {D2EF4153-8E74-45C3-B155-CB95DD726F04}
		{F73C8A5B-50A7-4DE0-8746-EC1106B82337} = {D2EF4153-8E74-45C3-B155-CB95DD726F04}
		{EAD6F83A-BB85-4AD5-9199-4D06CF5A4450} = {7EE3A75F-24F0-4052-9CEA-89C9E54E56CB}
		{770CAF75-E747-4F34-8B48-AC710D024310} = {EAD6F83A-BB85-4AD5-9199-4D06CF5A4450}
		{F2A44CEC-FB4F-4093-A703-7EB3EC0111A8} = {EAD6F83A-BB85-4AD5-9199-4D06CF5A4450}
		{0BF8B966-F5DF-427D-A8DD-47A183014F57} = {EAD6F83A-BB85-4AD5-9199-4D06CF5A4450}
		{1E1A06E9-20A3-43D8-B837-328B2DDD1B15} = {EAD6F83A-BB85-4AD5-9199-4D06CF5A4450}
	EndGlobalSection
	GlobalSection(ExtensibilityGlobals) = postSolution
		BuildVersion_BuildVersioningStyle = None.None.None.None
	EndGlobalSection
EndGlobal
